github.com/alexflint/go-arg v1.0.0 h1:VWNnY3DyBHiq5lcwY2FlCE5t5qyHNV0o5i1bkCIHprU=
github.com/alexflint/go-arg v1.0.0/go.mod h1:Cto8k5VtkP4pp0EXiWD4ZJMFOOinZ38ggVcQ/6CGuRI=
github.com/alexflint/go-scalar v1.0.0 h1:NGupf1XV/Xb04wXskDFzS0KWOLH632W/EO4fAFi+A70=
github.com/alexflint/go-scalar v1.0.0/go.mod h1:GpHzbCOZXEKMEcygYQ5n/aa4Aq84zbxjy3MxYW0gjYw=
github.com/biessek/golang-ico v0.0.0-20180326222316-d348d9ea4670 h1:FQPKKjDhzG0T4ew6dm6MGrXb4PRAi8ZmTuYuxcF62BM=
github.com/biessek/golang-ico v0.0.0-20180326222316-d348d9ea4670/go.mod h1:iRWAFbKXMMkVQyxZ1PfGlkBr1TjATx1zy2MRprV7A3Q=
github.com/davecgh/go-spew v1.1.1/go.mod h1:J7Y8YcW2NihsgmVo/mv3lAwl/skON4iLHjSsI+c5H38=
github.com/h2non/filetype v1.0.8 h1:le8gpf+FQA0/DlDABbtisA1KiTS0Xi+YSC/E8yY3Y14=
github.com/h2non/filetype v1.0.8/go.mod h1:isekKqOuhMj+s/7r3rIeTErIRy4Rub5uBWHfvMusLMU=
github.com/jackmordaunt/icns v1.0.0 h1:RYSxplerf/l/DUd09AHtITwckkv/mqjVv4DjYdPmAMQ=
github.com/jackmordaunt/icns v1.0.0/go.mod h1:7TTQVEuGzVVfOPPlLNHJIkzA6CoV7aH1Dv9dW351oOo=
github.com/jsummers/gobmp v0.0.0-20151104160322-e2ba15ffa76e h1:LvL4XsI70QxOGHed6yhQtAU34Kx3Qq2wwBzGFKY8zKk=
github.com/jsummers/gobmp v0.0.0-20151104160322-e2ba15ffa76e/go.mod h1:kLgvv7o6UM+0QSf0QjAse3wReFDsb9qbZJdfexWlrQw=
github.com/kr/pretty v0.1.0/go.mod h1:dAy3ld7l9f0ibDNOQOHHMYYIIbhfbHSm3C4ZsoJORNo=
github.com/kr/pty v1.1.1/go.mod h1:pFQYn66WHrOpPYNljwOMqo10TkYh1fy3cYio2l3bCsQ=
github.com/kr/text v0.1.0/go.mod h1:4Jbv+DJW3UT/LiOwJeYQe1efqtUx/iVham/4vfdArNI=
github.com/nfnt/resize v0.0.0-20180221191011-83c6a9932646 h1:zYyBkD/k9seD2A7fsi6Oo2LfFZAehjjQMERAvZLEDnQ=
github.com/nfnt/resize v0.0.0-20180221191011-83c6a9932646/go.mod h1:jpp1/29i3P1S/RLdc7JQKbRpFeM1dOBd8T9ki5s+AY8=
github.com/pkg/errors v0.8.1 h1:iURUrRGxPUNPdy5/HRSm+Yj6okJ6UtLINN0Q9M4+h3I=
github.com/pkg/errors v0.8.1/go.mod h1:bwawxfHBFNV+L2hUp1rHADufV3IMtnDRdf1r5NINEl0=
github.com/pmezard/go-difflib v1.0.0/go.mod h1:iKH77koFhYxTK1pcRnkKkqfTogsbg7gZNVY4sRDYZ/4=
github.com/spf13/afero v1.2.2 h1:5jhuqJyZCZf2JRofRvN/nIFgIWNzPa3/Vz8mYylgbWc=
github.com/spf13/afero v1.2.2/go.mod h1:9ZxEEn6pIJ8Rxe320qSDBk6AsU0r9pR7Q4OcevTdifk=
github.com/stretchr/testify v1.2.2/go.mod h1:a8OnRcib4nhh0OaRAV+Yts87kKdq0PP7pXfy6kDkUVs=
github.com/wrfly/ecp v0.1.0 h1:btwZO5LGlM5SNykaUXGkJIjwckpjPU2MjFatehSCmY8=
github.com/wrfly/ecp v0.1.0/go.mod h1:cmmFTD+MLlrDa3/EO3gjeKLKUhHiYP3cgaaJamIS1NU=
golang.org/x/text v0.3.0 h1:g61tztE5qeGQ89tm6NTjjM9VPIm088od1l6aSorWRWg=
golang.org/x/text v0.3.0/go.mod h1:NqM8EUOU14njkJ3fqMW+pc6Ldnwhi/IjpwHt7yyuwOQ=
